
Microsoft Visual Studio Solution File, Format Version 12.00
# Visual Studio Version 16
VisualStudioVersion = 16.0.30406.217
MinimumVisualStudioVersion = 10.0.40219.1
Project("{8BC9CEB8-8B4A-11D0-8D11-00A0C91BC942}") = "Windows Study", "Windows Study\Windows Study.vcxproj", "{1EAA074D-3A28-4928-AAF5-ECB1A77304BF}"
EndProject
Global
	GlobalSection(SolutionConfigurationPlatforms) = preSolution
		Debug|x64 = Debug|x64
		Debug|x86 = Debug|x86
		Release|x64 = Release|x64
		Release|x86 = Release|x86
	EndGlobalSection
	GlobalSection(ProjectConfigurationPlatforms) = postSolution
		{1EAA074D-3A28-4928-AAF5-ECB1A77304BF}.Debug|x64.ActiveCfg = Debug|x64
		{1EAA074D-3A28-4928-AAF5-ECB1A77304BF}.Debug|x64.Build.0 = Debug|x64
		{1EAA074D-3A28-4928-AAF5-ECB1A77304BF}.Debug|x86.ActiveCfg = Debug|Win32
		{1EAA074D-3A28-4928-AAF5-ECB1A77304BF}.Debug|x86.Build.0 = Debug|Win32
		{1EAA074D-3A28-4928-AAF5-ECB1A77304BF}.Release|x64.ActiveCfg = Release|x64
		{1EAA074D-3A28-4928-AAF5-ECB1A77304BF}.Release|x64.Build.0 = Release|x64
		{1EAA074D-3A28-4928-AAF5-ECB1A77304BF}.Release|x86.ActiveCfg = Release|Win32
		{1EAA074D-3A28-4928-AAF5-ECB1A77304BF}.Release|x86.Build.0 = Release|Win32
	EndGlobalSection
	GlobalSection(SolutionProperties) = preSolution
		HideSolutionNode = FALSE
	EndGlobalSection
	GlobalSection(ExtensibilityGlobals) = postSolution
		SolutionGuid = {94CBAE25-2BE0-4A34-8214-923FD0AF94DB}
	EndGlobalSection
EndGlobal
